
Microsoft Visual Studio Solution File, Format Version 12.00
# Visual Studio Version 17
VisualStudioVersion = 17.0.31903.59
MinimumVisualStudioVersion = 10.0.40219.1
Project("{9A19103F-16F7-4668-BE54-9A1E7A4F7556}") = "blizzardCrawler.cli", "blizzardCrawler.cli\blizzardCrawler.cli.csproj", "{F15456B4-97C2-492F-9737-0FBFC7945F51}"
EndProject
Project("{9A19103F-16F7-4668-BE54-9A1E7A4F7556}") = "blizzardCrawler.db", "blizzardCrawler.db\blizzardCrawler.db.csproj", "{7C38D1CD-53F8-47D5-9654-BBCADD9C23B7}"
EndProject
Project("{9A19103F-16F7-4668-BE54-9A1E7A4F7556}") = "blizzardCrawler.shared", "blizzardCrawler.shared\blizzardCrawler.shared.csproj", "{EF8DEDBD-CFBA-46A8-B942-9C99A39FA074}"
EndProject
Project("{9A19103F-16F7-4668-BE54-9A1E7A4F7556}") = "blizzardCrawler.services", "blizzardCrawler.services\blizzardCrawler.services.csproj", "{3CF6E551-D50E-4E04-9176-D4411BB18D90}"
EndProject
Project("{FAE04EC0-301F-11D3-BF4B-00C04F79EFBC}") = "blizzardCrawler.api", "blizzardCrawler.api\blizzardCrawler.api.csproj", "{A44C5CE4-F741-47B7-953E-1699D8B2D62A}"
EndProject
Project("{FAE04EC0-301F-11D3-BF4B-00C04F79EFBC}") = "blizzardCrawler.crawl", "blizzardCrawler.crawl\blizzardCrawler.crawl.csproj", "{ECB424AD-F70D-4C10-9275-4C921B2BEC41}"
EndProject
Global
	GlobalSection(SolutionConfigurationPlatforms) = preSolution
		Debug|Any CPU = Debug|Any CPU
		Release|Any CPU = Release|Any CPU
	EndGlobalSection
	GlobalSection(ProjectConfigurationPlatforms) = postSolution
		{F15456B4-97C2-492F-9737-0FBFC7945F51}.Debug|Any CPU.ActiveCfg = Debug|Any CPU
		{F15456B4-97C2-492F-9737-0FBFC7945F51}.Debug|Any CPU.Build.0 = Debug|Any CPU
		{F15456B4-97C2-492F-9737-0FBFC7945F51}.Release|Any CPU.ActiveCfg = Release|Any CPU
		{F15456B4-97C2-492F-9737-0FBFC7945F51}.Release|Any CPU.Build.0 = Release|Any CPU
		{7C38D1CD-53F8-47D5-9654-BBCADD9C23B7}.Debug|Any CPU.ActiveCfg = Debug|Any CPU
		{7C38D1CD-53F8-47D5-9654-BBCADD9C23B7}.Debug|Any CPU.Build.0 = Debug|Any CPU
		{7C38D1CD-53F8-47D5-9654-BBCADD9C23B7}.Release|Any CPU.ActiveCfg = Release|Any CPU
		{7C38D1CD-53F8-47D5-9654-BBCADD9C23B7}.Release|Any CPU.Build.0 = Release|Any CPU
		{EF8DEDBD-CFBA-46A8-B942-9C99A39FA074}.Debug|Any CPU.ActiveCfg = Debug|Any CPU
		{EF8DEDBD-CFBA-46A8-B942-9C99A39FA074}.Debug|Any CPU.Build.0 = Debug|Any CPU
		{EF8DEDBD-CFBA-46A8-B942-9C99A39FA074}.Release|Any CPU.ActiveCfg = Release|Any CPU
		{EF8DEDBD-CFBA-46A8-B942-9C99A39FA074}.Release|Any CPU.Build.0 = Release|Any CPU
		{3CF6E551-D50E-4E04-9176-D4411BB18D90}.Debug|Any CPU.ActiveCfg = Debug|Any CPU
		{3CF6E551-D50E-4E04-9176-D4411BB18D90}.Debug|Any CPU.Build.0 = Debug|Any CPU
		{3CF6E551-D50E-4E04-9176-D4411BB18D90}.Release|Any CPU.ActiveCfg = Release|Any CPU
		{3CF6E551-D50E-4E04-9176-D4411BB18D90}.Release|Any CPU.Build.0 = Release|Any CPU
		{A44C5CE4-F741-47B7-953E-1699D8B2D62A}.Debug|Any CPU.ActiveCfg = Debug|Any CPU
		{A44C5CE4-F741-47B7-953E-1699D8B2D62A}.Debug|Any CPU.Build.0 = Debug|Any CPU
		{A44C5CE4-F741-47B7-953E-1699D8B2D62A}.Release|Any CPU.ActiveCfg = Release|Any CPU
		{A44C5CE4-F741-47B7-953E-1699D8B2D62A}.Release|Any CPU.Build.0 = Release|Any CPU
		{ECB424AD-F70D-4C10-9275-4C921B2BEC41}.Debug|Any CPU.ActiveCfg = Debug|Any CPU
		{ECB424AD-F70D-4C10-9275-4C921B2BEC41}.Debug|Any CPU.Build.0 = Debug|Any CPU
		{ECB424AD-F70D-4C10-9275-4C921B2BEC41}.Release|Any CPU.ActiveCfg = Release|Any CPU
		{ECB424AD-F70D-4C10-9275-4C921B2BEC41}.Release|Any CPU.Build.0 = Release|Any CPU
	EndGlobalSection
	GlobalSection(SolutionProperties) = preSolution
		HideSolutionNode = FALSE
	EndGlobalSection
	GlobalSection(ExtensibilityGlobals) = postSolution
		SolutionGuid = {C504F137-0B0B-480C-A64F-99EDCBD7BAB1}
	EndGlobalSection
EndGlobal
